github.com/MuhammadNazhimMaulana/go_module_example v1.0.0 h1:UlvOWe7cMLWGVc9pCs2Z5hmcgYmoQZC9PkghoOnrjvQ=
github.com/MuhammadNazhimMaulana/go_module_example v1.0.0/go.mod h1:sBeaV122FRxYTnzy0gIbbUHiBzeTaEw5OS+K8XAWED4=
github.com/MuhammadNazhimMaulana/go_module_example v1.0.1 h1:qYbdTDbftJpE+u9x1fqvjubQCmkyTRO9cZLfVnWd8NE=
github.com/MuhammadNazhimMaulana/go_module_example v1.0.1/go.mod h1:sBeaV122FRxYTnzy0gIbbUHiBzeTaEw5OS+K8XAWED4=
github.com/MuhammadNazhimMaulana/go_module_example/v2 v2.0.0 h1:BJGtMNLrE+JzQUOGHpqhYLefdRvA4N0HPF+TEEgEusA=
github.com/MuhammadNazhimMaulana/go_module_example/v2 v2.0.0/go.mod h1:ns9jXBcS04RLJZ7DIc7H6E+nnTIwdnujt8Rpv+0d8Cw=
